
Microsoft Visual Studio Solution File, Format Version 12.00
# Visual Studio Version 16
VisualStudioVersion = 16.0.29306.81
MinimumVisualStudioVersion = 10.0.40219.1
Project("{9A19103F-16F7-4668-BE54-9A1E7A4F7556}") = "SquashInfo", "SquashInfo\SquashInfo.csproj", "{3F27688D-196F-4C88-8F4C-6E56B9A4F4D1}"
EndProject
Project("{FAE04EC0-301F-11D3-BF4B-00C04F79EFBC}") = "SquashInfo_Test", "SquashInfo_Test\SquashInfo_Test.csproj", "{1B0CA406-13CB-4E15-B7EB-6CFFEA04549D}"
EndProject
Global
	GlobalSection(SolutionConfigurationPlatforms) = preSolution
		Debug|Any CPU = Debug|Any CPU
		Release|Any CPU = Release|Any CPU
	EndGlobalSection
	GlobalSection(ProjectConfigurationPlatforms) = postSolution
		{3F27688D-196F-4C88-8F4C-6E56B9A4F4D1}.Debug|Any CPU.ActiveCfg = Debug|Any CPU
		{3F27688D-196F-4C88-8F4C-6E56B9A4F4D1}.Debug|Any CPU.Build.0 = Debug|Any CPU
		{3F27688D-196F-4C88-8F4C-6E56B9A4F4D1}.Release|Any CPU.ActiveCfg = Release|Any CPU
		{3F27688D-196F-4C88-8F4C-6E56B9A4F4D1}.Release|Any CPU.Build.0 = Release|Any CPU
		{1B0CA406-13CB-4E15-B7EB-6CFFEA04549D}.Debug|Any CPU.ActiveCfg = Debug|Any CPU
		{1B0CA406-13CB-4E15-B7EB-6CFFEA04549D}.Debug|Any CPU.Build.0 = Debug|Any CPU
		{1B0CA406-13CB-4E15-B7EB-6CFFEA04549D}.Release|Any CPU.ActiveCfg = Release|Any CPU
		{1B0CA406-13CB-4E15-B7EB-6CFFEA04549D}.Release|Any CPU.Build.0 = Release|Any CPU
	EndGlobalSection
	GlobalSection(SolutionProperties) = preSolution
		HideSolutionNode = FALSE
	EndGlobalSection
	GlobalSection(ExtensibilityGlobals) = postSolution
		SolutionGuid = {7CC40190-0D8E-498E-BCEB-491A67F1BE10}
	EndGlobalSection
EndGlobal
